// !$*UTF8*$!
{
	archiveVersion = 1;
	classes = {
	};
	objectVersion = 46;
	objects = {

/* Begin PBXBuildFile section */
		F8E498491CE3F48A00316A4A /* AppDelegate.swift in Sources */ = {isa = PBXBuildFile; fileRef = F8E498481CE3F48A00316A4A /* AppDelegate.swift */; };
		F8E498531CE3F48A00316A4A /* LaunchScreen.storyboard in Resources */ = {isa = PBXBuildFile; fileRef = F8E498511CE3F48A00316A4A /* LaunchScreen.storyboard */; };
		F8E4985C1CE3F4D900316A4A /* PaddingLabel.swift in Sources */ = {isa = PBXBuildFile; fileRef = F8E4985B1CE3F4D900316A4A /* PaddingLabel.swift */; };
		F8E498601CE3F4FB00316A4A /* ViewController.swift in Sources */ = {isa = PBXBuildFile; fileRef = F8E4985D1CE3F4FB00316A4A /* ViewController.swift */; };
		F8E498611CE3F4FB00316A4A /* Main.storyboard in Resources */ = {isa = PBXBuildFile; fileRef = F8E4985E1CE3F4FB00316A4A /* Main.storyboard */; };
		F8E498621CE3F4FB00316A4A /* CalculatorBrain.swift in Sources */ = {isa = PBXBuildFile; fileRef = F8E4985F1CE3F4FB00316A4A /* CalculatorBrain.swift */; };
		F8E498641CE3F52A00316A4A /* Assets.xcassets in Resources */ = {isa = PBXBuildFile; fileRef = F8E498631CE3F52A00316A4A /* Assets.xcassets */; };
/* End PBXBuildFile section */

/* Begin PBXFileReference section */
		F8E498451CE3F48A00316A4A /* Maxculator.app */ = {isa = PBXFileReference; explicitFileType = wrapper.application; includeInIndex = 0; path = Maxculator.app; sourceTree = BUILT_PRODUCTS_DIR; };
		F8E498481CE3F48A00316A4A /* AppDelegate.swift */ = {isa = PBXFileReference; lastKnownFileType = sourcecode.swift; path = AppDelegate.swift; sourceTree = "<group>"; };
		F8E498521CE3F48A00316A4A /* Base */ = {isa = PBXFileReference; lastKnownFileType = file.storyboard; name = Base; path = Base.lproj/LaunchScreen.storyboard; sourceTree = "<group>"; };
		F8E498541CE3F48A00316A4A /* Info.plist */ = {isa = PBXFileReference; lastKnownFileType = text.plist.xml; path = Info.plist; sourceTree = "<group>"; };
		F8E4985B1CE3F4D900316A4A /* PaddingLabel.swift */ = {isa = PBXFileReference; fileEncoding = 4; lastKnownFileType = sourcecode.swift; path = PaddingLabel.swift; sourceTree = "<group>"; };
		F8E4985D1CE3F4FB00316A4A /* ViewController.swift */ = {isa = PBXFileReference; fileEncoding = 4; lastKnownFileType = sourcecode.swift; path = ViewController.swift; sourceTree = "<group>"; };
		F8E4985E1CE3F4FB00316A4A /* Main.storyboard */ = {isa = PBXFileReference; fileEncoding = 4; lastKnownFileType = file.storyboard; path = Main.storyboard; sourceTree = "<group>"; };
		F8E4985F1CE3F4FB00316A4A /* CalculatorBrain.swift */ = {isa = PBXFileReference; fileEncoding = 4; lastKnownFileType = sourcecode.swift; path = CalculatorBrain.swift; sourceTree = "<group>"; };
		F8E498631CE3F52A00316A4A /* Assets.xcassets */ = {isa = PBXFileReference; lastKnownFileType = folder.assetcatalog; path = Assets.xcassets; sourceTree = "<group>"; };
/* End PBXFileReference section */

/* Begin PBXFrameworksBuildPhase section */
		F8E498421CE3F48A00316A4A /* Frameworks */ = {
			isa = PBXFrameworksBuildPhase;
			buildActionMask = 2147483647;
			files = (
			);
			runOnlyForDeploymentPostprocessing = 0;
		};
/* End PBXFrameworksBuildPhase section */

/* Begin PBXGroup section */
		F8E4983C1CE3F48A00316A4A = {
			isa = PBXGroup;
			children = (
				F8E498471CE3F48A00316A4A /* Maxculator */,
				F8E498461CE3F48A00316A4A /* Products */,
			);
			sourceTree = "<group>";
		};
		F8E498461CE3F48A00316A4A /* Products */ = {
			isa = PBXGroup;
			children = (
				F8E498451CE3F48A00316A4A /* Maxculator.app */,
			);
			name = Products;
			sourceTree = "<group>";
		};
		F8E498471CE3F48A00316A4A /* Maxculator */ = {
			isa = PBXGroup;
			children = (
				F8E4985D1CE3F4FB00316A4A /* ViewController.swift */,
				F8E4985E1CE3F4FB00316A4A /* Main.storyboard */,
				F8E4985F1CE3F4FB00316A4A /* CalculatorBrain.swift */,
				F8E4985A1CE3F49500316A4A /* Supporting files */,
			);
			path = Maxculator;
			sourceTree = "<group>";
		};
		F8E4985A1CE3F49500316A4A /* Supporting files */ = {
			isa = PBXGroup;
			children = (
				F8E4985B1CE3F4D900316A4A /* PaddingLabel.swift */,
				F8E498481CE3F48A00316A4A /* AppDelegate.swift */,
				F8E498631CE3F52A00316A4A /* Assets.xcassets */,
				F8E498511CE3F48A00316A4A /* LaunchScreen.storyboard */,
				F8E498541CE3F48A00316A4A /* Info.plist */,
			);
			name = "Supporting files";
			sourceTree = "<group>";
		};
/* End PBXGroup section */

/* Begin PBXNativeTarget section */
		F8E498441CE3F48A00316A4A /* Maxculator */ = {
			isa = PBXNativeTarget;
			buildConfigurationList = F8E498571CE3F48A00316A4A /* Build configuration list for PBXNativeTarget "Maxculator" */;
			buildPhases = (
				F8E498411CE3F48A00316A4A /* Sources */,
				F8E498421CE3F48A00316A4A /* Frameworks */,
				F8E498431CE3F48A00316A4A /* Resources */,
			);
			buildRules = (
			);
			dependencies = (
			);
			name = Maxculator;
			productName = Maxculator;
			productReference = F8E498451CE3F48A00316A4A /* Maxculator.app */;
			productType = "com.apple.product-type.application";
		};
/* End PBXNativeTarget section */

/* Begin PBXProject section */
		F8E4983D1CE3F48A00316A4A /* Project object */ = {
			isa = PBXProject;
			attributes = {
				LastSwiftUpdateCheck = 0730;
				LastUpgradeCheck = 0910;
				ORGANIZATIONNAME = "Robot Dream";
				TargetAttributes = {
					F8E498441CE3F48A00316A4A = {
						CreatedOnToolsVersion = 7.3.1;
						DevelopmentTeam = R3JV2Y8V3K;
						LastSwiftMigration = 0910;
					};
				};
			};
			buildConfigurationList = F8E498401CE3F48A00316A4A /* Build configuration list for PBXProject "Maxculator" */;
			compatibilityVersion = "Xcode 3.2";
			developmentRegion = English;
			hasScannedForEncodings = 0;
			knownRegions = (
				en,
				Base,
			);
			mainGroup = F8E4983C1CE3F48A00316A4A;
			productRefGroup = F8E498461CE3F48A00316A4A /* Products */;
			projectDirPath = "";
			projectRoot = "";
			targets = (
				F8E498441CE3F48A00316A4A /* Maxculator */,
			);
		};
/* End PBXProject section */

/* Begin PBXResourcesBuildPhase section */
		F8E498431CE3F48A00316A4A /* Resources */ = {
			isa = PBXResourcesBuildPhase;
			buildActionMask = 2147483647;
			files = (
				F8E498611CE3F4FB00316A4A /* Main.storyboard in Resources */,
				F8E498641CE3F52A00316A4A /* Assets.xcassets in Resources */,
				F8E498531CE3F48A00316A4A /* LaunchScreen.storyboard in Resources */,
			);
			runOnlyForDeploymentPostprocessing = 0;
		};
/* End PBXResourcesBuildPhase section */

/* Begin PBXSourcesBuildPhase section */
		F8E498411CE3F48A00316A4A /* Sources */ = {
			isa = PBXSourcesBuildPhase;
			buildActionMask = 2147483647;
			files = (
				F8E498601CE3F4FB00316A4A /* ViewController.swift in Sources */,
				F8E4985C1CE3F4D900316A4A /* PaddingLabel.swift in Sources */,
				F8E498621CE3F4FB00316A4A /* CalculatorBrain.swift in Sources */,
				F8E498491CE3F48A00316A4A /* AppDelegate.swift in Sources */,
			);
			runOnlyForDeploymentPostprocessing = 0;
		};
/* End PBXSourcesBuildPhase section */

/* Begin PBXVariantGroup section */
		F8E498511CE3F48A00316A4A /* LaunchScreen.storyboard */ = {
			isa = PBXVariantGroup;
			children = (
				F8E498521CE3F48A00316A4A /* Base */,
			);
			name = LaunchScreen.storyboard;
			sourceTree = "<group>";
		};
/* End PBXVariantGroup section */

/* Begin XCBuildConfiguration section */
		F8E498551CE3F48A00316A4A /* Debug */ = {
			isa = XCBuildConfiguration;
			buildSettings = {
				ALWAYS_SEARCH_USER_PATHS = NO;
				CLANG_ANALYZER_NONNULL = YES;
				CLANG_CXX_LANGUAGE_STANDARD = "gnu++0x";
				CLANG_CXX_LIBRARY = "libc++";
				CLANG_ENABLE_MODULES = YES;
				CLANG_ENABLE_OBJC_ARC = YES;
				CLANG_WARN_BLOCK_CAPTURE_AUTORELEASING = YES;
				CLANG_WARN_BOOL_CONVERSION = YES;
				CLANG_WARN_COMMA = YES;
				CLANG_WARN_CONSTANT_CONVERSION = YES;
				CLANG_WARN_DIRECT_OBJC_ISA_USAGE = YES_ERROR;
				CLANG_WARN_EMPTY_BODY = YES;
				CLANG_WARN_ENUM_CONVERSION = YES;
				CLANG_WARN_INFINITE_RECURSION = YES;
				CLANG_WARN_INT_CONVERSION = YES;
				CLANG_WARN_NON_LITERAL_NULL_CONVERSION = YES;
				CLANG_WARN_OBJC_LITERAL_CONVERSION = YES;
				CLANG_WARN_OBJC_ROOT_CLASS = YES_ERROR;
				CLANG_WARN_RANGE_LOOP_ANALYSIS = YES;
				CLANG_WARN_STRICT_PROTOTYPES = YES;
				CLANG_WARN_SUSPICIOUS_MOVE = YES;
				CLANG_WARN_UNREACHABLE_CODE = YES;
				CLANG_WARN__DUPLICATE_METHOD_MATCH = YES;
				"CODE_SIGN_IDENTITY[sdk=iphoneos*]" = "iPhone Developer";
				COPY_PHASE_STRIP = NO;
				DEBUG_INFORMATION_FORMAT = dwarf;
				ENABLE_STRICT_OBJC_MSGSEND = YES;
				ENABLE_TESTABILITY = YES;
				GCC_C_LANGUAGE_STANDARD = gnu99;
				GCC_DYNAMIC_NO_PIC = NO;
				GCC_NO_COMMON_BLOCKS = YES;
				GCC_OPTIMIZATION_LEVEL = 0;
				GCC_PREPROCESSOR_DEFINITIONS = (
					"DEBUG=1",
					"$(inherited)",
				);
				GCC_WARN_64_TO_32_BIT_CONVERSION = YES;
				GCC_WARN_ABOUT_RETURN_TYPE = YES_ERROR;
				GCC_WARN_UNDECLARED_SELECTOR = YES;
				GCC_WARN_UNINITIALIZED_AUTOS = YES_AGGRESSIVE;
				GCC_WARN_UNUSED_FUNCTION = YES;
				GCC_WARN_UNUSED_VARIABLE = YES;
				IPHONEOS_DEPLOYMENT_TARGET = 9.3;
				MTL_ENABLE_DEBUG_INFO = YES;
				ONLY_ACTIVE_ARCH = YES;
				SDKROOT = iphoneos;
				SWIFT_OPTIMIZATION_LEVEL = "-Onone";
				TARGETED_DEVICE_FAMILY = "1,2";
			};
			name = Debug;
		};
		F8E498561CE3F48A00316A4A /* Release */ = {
			isa = XCBuildConfiguration;
			buildSettings = {
				ALWAYS_SEARCH_USER_PATHS = NO;
				CLANG_ANALYZER_NONNULL = YES;
				CLANG_CXX_LANGUAGE_STANDARD = "gnu++0x";
				CLANG_CXX_LIBRARY = "libc++";
				CLANG_ENABLE_MODULES = YES;
				CLANG_ENABLE_OBJC_ARC = YES;
				CLANG_WARN_BLOCK_CAPTURE_AUTORELEASING = YES;
				CLANG_WARN_BOOL_CONVERSION = YES;
				CLANG_WARN_COMMA = YES;
				CLANG_WARN_CONSTANT_CONVERSION = YES;
				CLANG_WARN_DIRECT_OBJC_ISA_USAGE = YES_ERROR;
				CLANG_WARN_EMPTY_BODY = YES;
				CLANG_WARN_ENUM_CONVERSION = YES;
				CLANG_WARN_INFINITE_RECURSION = YES;
				CLANG_WARN_INT_CONVERSION = YES;
				CLANG_WARN_NON_LITERAL_NULL_CONVERSION = YES;
				CLANG_WARN_OBJC_LITERAL_CONVERSION = YES;
				CLANG_WARN_OBJC_ROOT_CLASS = YES_ERROR;
				CLANG_WARN_RANGE_LOOP_ANALYSIS = YES;
				CLANG_WARN_STRICT_PROTOTYPES = YES;
				CLANG_WARN_SUSPICIOUS_MOVE = YES;
				CLANG_WARN_UNREACHABLE_CODE = YES;
				CLANG_WARN__DUPLICATE_METHOD_MATCH = YES;
				"CODE_SIGN_IDENTITY[sdk=iphoneos*]" = "iPhone Developer";
				COPY_PHASE_STRIP = NO;
				DEBUG_INFORMATION_FORMAT = "dwarf-with-dsym";
				ENABLE_NS_ASSERTIONS = NO;
				ENABLE_STRICT_OBJC_MSGSEND = YES;
				GCC_C_LANGUAGE_STANDARD = gnu99;
				GCC_NO_COMMON_BLOCKS = YES;
				GCC_WARN_64_TO_32_BIT_CONVERSION = YES;
				GCC_WARN_ABOUT_RETURN_TYPE = YES_ERROR;
				GCC_WARN_UNDECLARED_SELECTOR = YES;
				GCC_WARN_UNINITIALIZED_AUTOS = YES_AGGRESSIVE;
				GCC_WARN_UNUSED_FUNCTION = YES;
				GCC_WARN_UNUSED_VARIABLE = YES;
				IPHONEOS_DEPLOYMENT_TARGET = 9.3;
				MTL_ENABLE_DEBUG_INFO = NO;
				SDKROOT = iphoneos;
				SWIFT_OPTIMIZATION_LEVEL = "-Owholemodule";
				TARGETED_DEVICE_FAMILY = "1,2";
				VALIDATE_PRODUCT = YES;
			};
			name = Release;
		};
		F8E498581CE3F48A00316A4A /* Debug */ = {
			isa = XCBuildConfiguration;
			buildSettings = {
				ASSETCATALOG_COMPILER_APPICON_NAME = AppIcon;
				CODE_SIGN_IDENTITY = "iPhone Developer";
				"CODE_SIGN_IDENTITY[sdk=iphoneos*]" = "iPhone Developer";
				INFOPLIST_FILE = Maxculator/Info.plist;
				LD_RUNPATH_SEARCH_PATHS = "$(inherited) @executable_path/Frameworks";
				PRODUCT_BUNDLE_IDENTIFIER = com.robotdream.Maxculator;
				PRODUCT_NAME = "$(TARGET_NAME)";
				PROVISIONING_PROFILE = "";
				SWIFT_SWIFT3_OBJC_INFERENCE = On;
				SWIFT_VERSION = 4.0;
			};
			name = Debug;
		};
		F8E498591CE3F48A00316A4A /* Release */ = {
			isa = XCBuildConfiguration;
			buildSettings = {
				ASSETCATALOG_COMPILER_APPICON_NAME = AppIcon;
				CODE_SIGN_IDENTITY = "iPhone Developer";
				"CODE_SIGN_IDENTITY[sdk=iphoneos*]" = "iPhone Developer";
				INFOPLIST_FILE = Maxculator/Info.plist;
				LD_RUNPATH_SEARCH_PATHS = "$(inherited) @executable_path/Frameworks";
				PRODUCT_BUNDLE_IDENTIFIER = com.robotdream.Maxculator;
				PRODUCT_NAME = "$(TARGET_NAME)";
				PROVISIONING_PROFILE = "";
				SWIFT_SWIFT3_OBJC_INFERENCE = On;
				SWIFT_VERSION = 4.0;
			};
			name = Release;
		};
/* End XCBuildConfiguration section */

/* Begin XCConfigurationList section */
		F8E498401CE3F48A00316A4A /* Build configuration list for PBXProject "Maxculator" */ = {
			isa = XCConfigurationList;
			buildConfigurations = (
				F8E498551CE3F48A00316A4A /* Debug */,
				F8E498561CE3F48A00316A4A /* Release */,
			);
			defaultConfigurationIsVisible = 0;
			defaultConfigurationName = Release;
		};
		F8E498571CE3F48A00316A4A /* Build configuration list for PBXNativeTarget "Maxculator" */ = {
			isa = XCConfigurationList;
			buildConfigurations = (
				F8E498581CE3F48A00316A4A /* Debug */,
				F8E498591CE3F48A00316A4A /* Release */,
			);
			defaultConfigurationIsVisible = 0;
			defaultConfigurationName = Release;
		};
/* End XCConfigurationList section */
	};
	rootObject = F8E4983D1CE3F48A00316A4A /* Project object */;
}
